
Microsoft Visual Studio Solution File, Format Version 12.00
# Visual Studio Version 17
VisualStudioVersion = 17.5.002.0
MinimumVisualStudioVersion = 10.0.40219.1
Project("{9A19103F-16F7-4668-BE54-9A1E7A4F7556}") = "Blanca eManagement", "Blanca eManagement.csproj", "{FA956474-D028-4CDE-9956-3369A8DD2B8F}"
EndProject
Global
	GlobalSection(SolutionConfigurationPlatforms) = preSolution
		Debug|Any CPU = Debug|Any CPU
		Release|Any CPU = Release|Any CPU
	EndGlobalSection
	GlobalSection(ProjectConfigurationPlatforms) = postSolution
		{FA956474-D028-4CDE-9956-3369A8DD2B8F}.Debug|Any CPU.ActiveCfg = Debug|Any CPU
		{FA956474-D028-4CDE-9956-3369A8DD2B8F}.Debug|Any CPU.Build.0 = Debug|Any CPU
		{FA956474-D028-4CDE-9956-3369A8DD2B8F}.Release|Any CPU.ActiveCfg = Release|Any CPU
		{FA956474-D028-4CDE-9956-3369A8DD2B8F}.Release|Any CPU.Build.0 = Release|Any CPU
	EndGlobalSection
	GlobalSection(SolutionProperties) = preSolution
		HideSolutionNode = FALSE
	EndGlobalSection
	GlobalSection(ExtensibilityGlobals) = postSolution
		SolutionGuid = {6655D844-9564-4C65-922A-3141649969FD}
	EndGlobalSection
EndGlobal
